
Microsoft Visual Studio Solution File, Format Version 12.00
# Visual Studio Version 16
VisualStudioVersion = 16.0.31605.320
MinimumVisualStudioVersion = 10.0.40219.1
Project("{9A19103F-16F7-4668-BE54-9A1E7A4F7556}") = "PaymentGateway.Api", "PaymentGateway.Api\PaymentGateway.Api.csproj", "{0555819D-1370-423C-8F61-686BDBCC6D76}"
EndProject
Project("{9A19103F-16F7-4668-BE54-9A1E7A4F7556}") = "PaymentGateway.Api.ComponentTests", "Paymentgateway.Api.ComponentTests\PaymentGateway.Api.ComponentTests.csproj", "{A4B2B789-C78D-4618-B399-CDB232C5176A}"
EndProject
Project("{9A19103F-16F7-4668-BE54-9A1E7A4F7556}") = "PaymentGateway.Api.IntegrationTests", "PaymentGateway.Api.IntegrationTests\PaymentGateway.Api.IntegrationTests.csproj", "{F8168EA7-DE77-4E97-A2EC-62B8A421667E}"
EndProject
Project("{FAE04EC0-301F-11D3-BF4B-00C04F79EFBC}") = "PaymentGateway.Api.UnitTests", "PaymentGateway.Api.UnitTests\PaymentGateway.Api.UnitTests.csproj", "{220027E1-A1C5-4B0D-9862-952C16DFCE53}"
EndProject
Global
	GlobalSection(SolutionConfigurationPlatforms) = preSolution
		Debug|Any CPU = Debug|Any CPU
		Release|Any CPU = Release|Any CPU
	EndGlobalSection
	GlobalSection(ProjectConfigurationPlatforms) = postSolution
		{0555819D-1370-423C-8F61-686BDBCC6D76}.Debug|Any CPU.ActiveCfg = Debug|Any CPU
		{0555819D-1370-423C-8F61-686BDBCC6D76}.Debug|Any CPU.Build.0 = Debug|Any CPU
		{0555819D-1370-423C-8F61-686BDBCC6D76}.Release|Any CPU.ActiveCfg = Release|Any CPU
		{0555819D-1370-423C-8F61-686BDBCC6D76}.Release|Any CPU.Build.0 = Release|Any CPU
		{A4B2B789-C78D-4618-B399-CDB232C5176A}.Debug|Any CPU.ActiveCfg = Debug|Any CPU
		{A4B2B789-C78D-4618-B399-CDB232C5176A}.Debug|Any CPU.Build.0 = Debug|Any CPU
		{A4B2B789-C78D-4618-B399-CDB232C5176A}.Release|Any CPU.ActiveCfg = Release|Any CPU
		{A4B2B789-C78D-4618-B399-CDB232C5176A}.Release|Any CPU.Build.0 = Release|Any CPU
		{F8168EA7-DE77-4E97-A2EC-62B8A421667E}.Debug|Any CPU.ActiveCfg = Debug|Any CPU
		{F8168EA7-DE77-4E97-A2EC-62B8A421667E}.Debug|Any CPU.Build.0 = Debug|Any CPU
		{F8168EA7-DE77-4E97-A2EC-62B8A421667E}.Release|Any CPU.ActiveCfg = Release|Any CPU
		{F8168EA7-DE77-4E97-A2EC-62B8A421667E}.Release|Any CPU.Build.0 = Release|Any CPU
		{220027E1-A1C5-4B0D-9862-952C16DFCE53}.Debug|Any CPU.ActiveCfg = Debug|Any CPU
		{220027E1-A1C5-4B0D-9862-952C16DFCE53}.Debug|Any CPU.Build.0 = Debug|Any CPU
		{220027E1-A1C5-4B0D-9862-952C16DFCE53}.Release|Any CPU.ActiveCfg = Release|Any CPU
		{220027E1-A1C5-4B0D-9862-952C16DFCE53}.Release|Any CPU.Build.0 = Release|Any CPU
	EndGlobalSection
	GlobalSection(SolutionProperties) = preSolution
		HideSolutionNode = FALSE
	EndGlobalSection
	GlobalSection(ExtensibilityGlobals) = postSolution
		SolutionGuid = {665FED93-C76D-4E43-ABE4-CD60CE5BF50B}
	EndGlobalSection
EndGlobal
